
Microsoft Visual Studio Solution File, Format Version 12.00
# Visual Studio 15
VisualStudioVersion = 15.0.27004.2008
MinimumVisualStudioVersion = 10.0.40219.1
Project("{FAE04EC0-301F-11D3-BF4B-00C04F79EFBC}") = "DAL", "DAL\DAL.csproj", "{96AA6D64-ED32-41E7-A47A-2E4623926877}"
EndProject
Project("{FAE04EC0-301F-11D3-BF4B-00C04F79EFBC}") = "BL", "BL\BL.csproj", "{DCEA1A69-3056-407E-B758-800AE0D59E03}"
EndProject
Project("{FAE04EC0-301F-11D3-BF4B-00C04F79EFBC}") = "API", "API\API.csproj", "{82CF7EC3-4DB3-47E6-B8AD-30052A34849F}"
EndProject
Project("{FAE04EC0-301F-11D3-BF4B-00C04F79EFBC}") = "TestDB", "TestDB\TestDB.csproj", "{4E01B9CA-9DA4-41BA-AE8C-8FD17866B39E}"
EndProject
Global
	GlobalSection(SolutionConfigurationPlatforms) = preSolution
		Debug|Any CPU = Debug|Any CPU
		Release|Any CPU = Release|Any CPU
	EndGlobalSection
	GlobalSection(ProjectConfigurationPlatforms) = postSolution
		{96AA6D64-ED32-41E7-A47A-2E4623926877}.Debug|Any CPU.ActiveCfg = Debug|Any CPU
		{96AA6D64-ED32-41E7-A47A-2E4623926877}.Debug|Any CPU.Build.0 = Debug|Any CPU
		{96AA6D64-ED32-41E7-A47A-2E4623926877}.Release|Any CPU.ActiveCfg = Release|Any CPU
		{96AA6D64-ED32-41E7-A47A-2E4623926877}.Release|Any CPU.Build.0 = Release|Any CPU
		{DCEA1A69-3056-407E-B758-800AE0D59E03}.Debug|Any CPU.ActiveCfg = Debug|Any CPU
		{DCEA1A69-3056-407E-B758-800AE0D59E03}.Debug|Any CPU.Build.0 = Debug|Any CPU
		{DCEA1A69-3056-407E-B758-800AE0D59E03}.Release|Any CPU.ActiveCfg = Release|Any CPU
		{DCEA1A69-3056-407E-B758-800AE0D59E03}.Release|Any CPU.Build.0 = Release|Any CPU
		{82CF7EC3-4DB3-47E6-B8AD-30052A34849F}.Debug|Any CPU.ActiveCfg = Debug|Any CPU
		{82CF7EC3-4DB3-47E6-B8AD-30052A34849F}.Debug|Any CPU.Build.0 = Debug|Any CPU
		{82CF7EC3-4DB3-47E6-B8AD-30052A34849F}.Release|Any CPU.ActiveCfg = Release|Any CPU
		{82CF7EC3-4DB3-47E6-B8AD-30052A34849F}.Release|Any CPU.Build.0 = Release|Any CPU
		{4E01B9CA-9DA4-41BA-AE8C-8FD17866B39E}.Debug|Any CPU.ActiveCfg = Debug|Any CPU
		{4E01B9CA-9DA4-41BA-AE8C-8FD17866B39E}.Debug|Any CPU.Build.0 = Debug|Any CPU
		{4E01B9CA-9DA4-41BA-AE8C-8FD17866B39E}.Release|Any CPU.ActiveCfg = Release|Any CPU
		{4E01B9CA-9DA4-41BA-AE8C-8FD17866B39E}.Release|Any CPU.Build.0 = Release|Any CPU
	EndGlobalSection
	GlobalSection(SolutionProperties) = preSolution
		HideSolutionNode = FALSE
	EndGlobalSection
	GlobalSection(ExtensibilityGlobals) = postSolution
		SolutionGuid = {CB9AF977-A1DF-4594-B17F-114BFD22F7E4}
	EndGlobalSection
EndGlobal
